// !$*UTF8*$!
{
	archiveVersion = 1;
	classes = {
	};
	objectVersion = 56;
	objects = {

/* Begin PBXBuildFile section */
		FA34A9EA2BB828270043EBCA /* ErrorAlertViewModifier.swift in Sources */ = {isa = PBXBuildFile; fileRef = FA34A9E92BB828270043EBCA /* ErrorAlertViewModifier.swift */; };
		FA34A9EC2BB828530043EBCA /* FeedbackAlertViewModifier.swift in Sources */ = {isa = PBXBuildFile; fileRef = FA34A9EB2BB828530043EBCA /* FeedbackAlertViewModifier.swift */; };
		FA34A9EE2BB828680043EBCA /* FeedbackConfirmationViewModifier.swift in Sources */ = {isa = PBXBuildFile; fileRef = FA34A9ED2BB828680043EBCA /* FeedbackConfirmationViewModifier.swift */; };
		FA474B432BB2F7AE00940665 /* StarterApp.swift in Sources */ = {isa = PBXBuildFile; fileRef = FA474B422BB2F7AE00940665 /* StarterApp.swift */; };
		FA474B452BB2F7AE00940665 /* ContentView.swift in Sources */ = {isa = PBXBuildFile; fileRef = FA474B442BB2F7AE00940665 /* ContentView.swift */; };
		FA474B472BB2F7B100940665 /* Assets.xcassets in Resources */ = {isa = PBXBuildFile; fileRef = FA474B462BB2F7B100940665 /* Assets.xcassets */; };
		FA474B4A2BB2F7B100940665 /* Preview Assets.xcassets in Resources */ = {isa = PBXBuildFile; fileRef = FA474B492BB2F7B100940665 /* Preview Assets.xcassets */; };
		FA474B522BB461BE00940665 /* User.swift in Sources */ = {isa = PBXBuildFile; fileRef = FA474B512BB461BE00940665 /* User.swift */; };
		FA474B542BB4981A00940665 /* README.md in Resources */ = {isa = PBXBuildFile; fileRef = FA474B532BB4981A00940665 /* README.md */; };
		FA474B572BB553CB00940665 /* PusherService.swift in Sources */ = {isa = PBXBuildFile; fileRef = FA474B562BB553CB00940665 /* PusherService.swift */; };
		FA474B5A2BB557A300940665 /* PusherSwift in Frameworks */ = {isa = PBXBuildFile; productRef = FA474B592BB557A300940665 /* PusherSwift */; };
		FA474B5C2BB5580800940665 /* KeychainService.swift in Sources */ = {isa = PBXBuildFile; fileRef = FA474B5B2BB5580800940665 /* KeychainService.swift */; };
		FA474B5E2BB558EF00940665 /* AuthService.swift in Sources */ = {isa = PBXBuildFile; fileRef = FA474B5D2BB558EF00940665 /* AuthService.swift */; };
		FA474B612BB5994700940665 /* AuthViewModel.swift in Sources */ = {isa = PBXBuildFile; fileRef = FA474B602BB5994700940665 /* AuthViewModel.swift */; };
		FA474B632BB59A9400940665 /* LoginView.swift in Sources */ = {isa = PBXBuildFile; fileRef = FA474B622BB59A9400940665 /* LoginView.swift */; };
		FA474B652BB59ABF00940665 /* RegistrationView.swift in Sources */ = {isa = PBXBuildFile; fileRef = FA474B642BB59ABF00940665 /* RegistrationView.swift */; };
		FA474B6A2BB5D33200940665 /* ActionButton.swift in Sources */ = {isa = PBXBuildFile; fileRef = FA474B662BB5D33200940665 /* ActionButton.swift */; };
		FA474B6B2BB5D33200940665 /* SettingsRowView.swift in Sources */ = {isa = PBXBuildFile; fileRef = FA474B672BB5D33200940665 /* SettingsRowView.swift */; };
		FA474B6C2BB5D33200940665 /* TextInputView.swift in Sources */ = {isa = PBXBuildFile; fileRef = FA474B682BB5D33200940665 /* TextInputView.swift */; };
		FA474B712BB5D44B00940665 /* ChatListView.swift in Sources */ = {isa = PBXBuildFile; fileRef = FA474B702BB5D44B00940665 /* ChatListView.swift */; };
		FA474B732BB66E2500940665 /* ErrorService.swift in Sources */ = {isa = PBXBuildFile; fileRef = FA474B722BB66E2500940665 /* ErrorService.swift */; };
		FA474B752BB6B37900940665 /* ProfileView.swift in Sources */ = {isa = PBXBuildFile; fileRef = FA474B742BB6B37900940665 /* ProfileView.swift */; };
		FA474B772BB6B39900940665 /* UpdateProfileView.swift in Sources */ = {isa = PBXBuildFile; fileRef = FA474B762BB6B39900940665 /* UpdateProfileView.swift */; };
		FA474B792BB6B88400940665 /* FeedbackAlertService.swift in Sources */ = {isa = PBXBuildFile; fileRef = FA474B782BB6B88400940665 /* FeedbackAlertService.swift */; };
		FA474B7B2BB6C54900940665 /* FeedbackViewModifier.swift in Sources */ = {isa = PBXBuildFile; fileRef = FA474B7A2BB6C54900940665 /* FeedbackViewModifier.swift */; };
/* End PBXBuildFile section */

/* Begin PBXFileReference section */
		FA34A9E92BB828270043EBCA /* ErrorAlertViewModifier.swift */ = {isa = PBXFileReference; lastKnownFileType = sourcecode.swift; path = ErrorAlertViewModifier.swift; sourceTree = "<group>"; };
		FA34A9EB2BB828530043EBCA /* FeedbackAlertViewModifier.swift */ = {isa = PBXFileReference; lastKnownFileType = sourcecode.swift; path = FeedbackAlertViewModifier.swift; sourceTree = "<group>"; };
		FA34A9ED2BB828680043EBCA /* FeedbackConfirmationViewModifier.swift */ = {isa = PBXFileReference; lastKnownFileType = sourcecode.swift; path = FeedbackConfirmationViewModifier.swift; sourceTree = "<group>"; };
		FA474B3F2BB2F7AE00940665 /* Starter.app */ = {isa = PBXFileReference; explicitFileType = wrapper.application; includeInIndex = 0; path = Starter.app; sourceTree = BUILT_PRODUCTS_DIR; };
		FA474B422BB2F7AE00940665 /* StarterApp.swift */ = {isa = PBXFileReference; lastKnownFileType = sourcecode.swift; path = StarterApp.swift; sourceTree = "<group>"; };
		FA474B442BB2F7AE00940665 /* ContentView.swift */ = {isa = PBXFileReference; lastKnownFileType = sourcecode.swift; path = ContentView.swift; sourceTree = "<group>"; };
		FA474B462BB2F7B100940665 /* Assets.xcassets */ = {isa = PBXFileReference; lastKnownFileType = folder.assetcatalog; path = Assets.xcassets; sourceTree = "<group>"; };
		FA474B492BB2F7B100940665 /* Preview Assets.xcassets */ = {isa = PBXFileReference; lastKnownFileType = folder.assetcatalog; path = "Preview Assets.xcassets"; sourceTree = "<group>"; };
		FA474B512BB461BE00940665 /* User.swift */ = {isa = PBXFileReference; lastKnownFileType = sourcecode.swift; path = User.swift; sourceTree = "<group>"; };
		FA474B532BB4981A00940665 /* README.md */ = {isa = PBXFileReference; lastKnownFileType = net.daringfireball.markdown; path = README.md; sourceTree = "<group>"; };
		FA474B562BB553CB00940665 /* PusherService.swift */ = {isa = PBXFileReference; lastKnownFileType = sourcecode.swift; path = PusherService.swift; sourceTree = "<group>"; };
		FA474B5B2BB5580800940665 /* KeychainService.swift */ = {isa = PBXFileReference; lastKnownFileType = sourcecode.swift; path = KeychainService.swift; sourceTree = "<group>"; };
		FA474B5D2BB558EF00940665 /* AuthService.swift */ = {isa = PBXFileReference; lastKnownFileType = sourcecode.swift; path = AuthService.swift; sourceTree = "<group>"; };
		FA474B602BB5994700940665 /* AuthViewModel.swift */ = {isa = PBXFileReference; lastKnownFileType = sourcecode.swift; path = AuthViewModel.swift; sourceTree = "<group>"; };
		FA474B622BB59A9400940665 /* LoginView.swift */ = {isa = PBXFileReference; lastKnownFileType = sourcecode.swift; path = LoginView.swift; sourceTree = "<group>"; };
		FA474B642BB59ABF00940665 /* RegistrationView.swift */ = {isa = PBXFileReference; lastKnownFileType = sourcecode.swift; path = RegistrationView.swift; sourceTree = "<group>"; };
		FA474B662BB5D33200940665 /* ActionButton.swift */ = {isa = PBXFileReference; fileEncoding = 4; lastKnownFileType = sourcecode.swift; path = ActionButton.swift; sourceTree = "<group>"; };
		FA474B672BB5D33200940665 /* SettingsRowView.swift */ = {isa = PBXFileReference; fileEncoding = 4; lastKnownFileType = sourcecode.swift; path = SettingsRowView.swift; sourceTree = "<group>"; };
		FA474B682BB5D33200940665 /* TextInputView.swift */ = {isa = PBXFileReference; fileEncoding = 4; lastKnownFileType = sourcecode.swift; path = TextInputView.swift; sourceTree = "<group>"; };
		FA474B702BB5D44B00940665 /* ChatListView.swift */ = {isa = PBXFileReference; lastKnownFileType = sourcecode.swift; path = ChatListView.swift; sourceTree = "<group>"; };
		FA474B722BB66E2500940665 /* ErrorService.swift */ = {isa = PBXFileReference; lastKnownFileType = sourcecode.swift; path = ErrorService.swift; sourceTree = "<group>"; };
		FA474B742BB6B37900940665 /* ProfileView.swift */ = {isa = PBXFileReference; lastKnownFileType = sourcecode.swift; path = ProfileView.swift; sourceTree = "<group>"; };
		FA474B762BB6B39900940665 /* UpdateProfileView.swift */ = {isa = PBXFileReference; lastKnownFileType = sourcecode.swift; path = UpdateProfileView.swift; sourceTree = "<group>"; };
		FA474B782BB6B88400940665 /* FeedbackAlertService.swift */ = {isa = PBXFileReference; lastKnownFileType = sourcecode.swift; path = FeedbackAlertService.swift; sourceTree = "<group>"; };
		FA474B7A2BB6C54900940665 /* FeedbackViewModifier.swift */ = {isa = PBXFileReference; lastKnownFileType = sourcecode.swift; path = FeedbackViewModifier.swift; sourceTree = "<group>"; };
/* End PBXFileReference section */

/* Begin PBXFrameworksBuildPhase section */
		FA474B3C2BB2F7AE00940665 /* Frameworks */ = {
			isa = PBXFrameworksBuildPhase;
			buildActionMask = 2147483647;
			files = (
				FA474B5A2BB557A300940665 /* PusherSwift in Frameworks */,
			);
			runOnlyForDeploymentPostprocessing = 0;
		};
/* End PBXFrameworksBuildPhase section */

/* Begin PBXGroup section */
		FA34A9E82BB827F30043EBCA /* Feedback */ = {
			isa = PBXGroup;
			children = (
				FA474B7A2BB6C54900940665 /* FeedbackViewModifier.swift */,
				FA34A9E92BB828270043EBCA /* ErrorAlertViewModifier.swift */,
				FA34A9EB2BB828530043EBCA /* FeedbackAlertViewModifier.swift */,
				FA34A9ED2BB828680043EBCA /* FeedbackConfirmationViewModifier.swift */,
			);
			path = Feedback;
			sourceTree = "<group>";
		};
		FA474B362BB2F7AE00940665 = {
			isa = PBXGroup;
			children = (
				FA474B532BB4981A00940665 /* README.md */,
				FA474B412BB2F7AE00940665 /* Starter */,
				FA474B402BB2F7AE00940665 /* Products */,
			);
			sourceTree = "<group>";
		};
		FA474B402BB2F7AE00940665 /* Products */ = {
			isa = PBXGroup;
			children = (
				FA474B3F2BB2F7AE00940665 /* Starter.app */,
			);
			name = Products;
			sourceTree = "<group>";
		};
		FA474B412BB2F7AE00940665 /* Starter */ = {
			isa = PBXGroup;
			children = (
				FA474B6D2BB5D3CB00940665 /* Views */,
				FA474B692BB5D33200940665 /* Components */,
				FA474B5F2BB5993400940665 /* Auth */,
				FA474B552BB5539C00940665 /* Service */,
				FA474B502BB461AB00940665 /* Models */,
				FA474B422BB2F7AE00940665 /* StarterApp.swift */,
				FA474B442BB2F7AE00940665 /* ContentView.swift */,
				FA474B462BB2F7B100940665 /* Assets.xcassets */,
				FA474B482BB2F7B100940665 /* Preview Content */,
			);
			path = Starter;
			sourceTree = "<group>";
		};
		FA474B482BB2F7B100940665 /* Preview Content */ = {
			isa = PBXGroup;
			children = (
				FA474B492BB2F7B100940665 /* Preview Assets.xcassets */,
			);
			path = "Preview Content";
			sourceTree = "<group>";
		};
		FA474B502BB461AB00940665 /* Models */ = {
			isa = PBXGroup;
			children = (
				FA474B512BB461BE00940665 /* User.swift */,
			);
			path = Models;
			sourceTree = "<group>";
		};
		FA474B552BB5539C00940665 /* Service */ = {
			isa = PBXGroup;
			children = (
				FA34A9E82BB827F30043EBCA /* Feedback */,
				FA474B562BB553CB00940665 /* PusherService.swift */,
				FA474B5B2BB5580800940665 /* KeychainService.swift */,
				FA474B5D2BB558EF00940665 /* AuthService.swift */,
				FA474B722BB66E2500940665 /* ErrorService.swift */,
				FA474B782BB6B88400940665 /* FeedbackAlertService.swift */,
			);
			path = Service;
			sourceTree = "<group>";
		};
		FA474B5F2BB5993400940665 /* Auth */ = {
			isa = PBXGroup;
			children = (
				FA474B602BB5994700940665 /* AuthViewModel.swift */,
				FA474B622BB59A9400940665 /* LoginView.swift */,
				FA474B642BB59ABF00940665 /* RegistrationView.swift */,
			);
			path = Auth;
			sourceTree = "<group>";
		};
		FA474B692BB5D33200940665 /* Components */ = {
			isa = PBXGroup;
			children = (
				FA474B662BB5D33200940665 /* ActionButton.swift */,
				FA474B672BB5D33200940665 /* SettingsRowView.swift */,
				FA474B682BB5D33200940665 /* TextInputView.swift */,
			);
			path = Components;
			sourceTree = "<group>";
		};
		FA474B6D2BB5D3CB00940665 /* Views */ = {
			isa = PBXGroup;
			children = (
				FA474B6F2BB5D40A00940665 /* Chat */,
				FA474B6E2BB5D3FE00940665 /* Profile */,
			);
			path = Views;
			sourceTree = "<group>";
		};
		FA474B6E2BB5D3FE00940665 /* Profile */ = {
			isa = PBXGroup;
			children = (
				FA474B742BB6B37900940665 /* ProfileView.swift */,
				FA474B762BB6B39900940665 /* UpdateProfileView.swift */,
			);
			path = Profile;
			sourceTree = "<group>";
		};
		FA474B6F2BB5D40A00940665 /* Chat */ = {
			isa = PBXGroup;
			children = (
				FA474B702BB5D44B00940665 /* ChatListView.swift */,
			);
			path = Chat;
			sourceTree = "<group>";
		};
/* End PBXGroup section */

/* Begin PBXNativeTarget section */
		FA474B3E2BB2F7AE00940665 /* Starter */ = {
			isa = PBXNativeTarget;
			buildConfigurationList = FA474B4D2BB2F7B100940665 /* Build configuration list for PBXNativeTarget "Starter" */;
			buildPhases = (
				FA474B3B2BB2F7AE00940665 /* Sources */,
				FA474B3C2BB2F7AE00940665 /* Frameworks */,
				FA474B3D2BB2F7AE00940665 /* Resources */,
			);
			buildRules = (
			);
			dependencies = (
			);
			name = Starter;
			packageProductDependencies = (
				FA474B592BB557A300940665 /* PusherSwift */,
			);
			productName = Starter;
			productReference = FA474B3F2BB2F7AE00940665 /* Starter.app */;
			productType = "com.apple.product-type.application";
		};
/* End PBXNativeTarget section */

/* Begin PBXProject section */
		FA474B372BB2F7AE00940665 /* Project object */ = {
			isa = PBXProject;
			attributes = {
				BuildIndependentTargetsInParallel = 1;
				LastSwiftUpdateCheck = 1530;
				LastUpgradeCheck = 1530;
				TargetAttributes = {
					FA474B3E2BB2F7AE00940665 = {
						CreatedOnToolsVersion = 15.3;
					};
				};
			};
			buildConfigurationList = FA474B3A2BB2F7AE00940665 /* Build configuration list for PBXProject "Starter" */;
			compatibilityVersion = "Xcode 14.0";
			developmentRegion = en;
			hasScannedForEncodings = 0;
			knownRegions = (
				en,
				Base,
			);
			mainGroup = FA474B362BB2F7AE00940665;
			packageReferences = (
				FA474B582BB557A300940665 /* XCRemoteSwiftPackageReference "pusher-websocket-swift" */,
			);
			productRefGroup = FA474B402BB2F7AE00940665 /* Products */;
			projectDirPath = "";
			projectRoot = "";
			targets = (
				FA474B3E2BB2F7AE00940665 /* Starter */,
			);
		};
/* End PBXProject section */

/* Begin PBXResourcesBuildPhase section */
		FA474B3D2BB2F7AE00940665 /* Resources */ = {
			isa = PBXResourcesBuildPhase;
			buildActionMask = 2147483647;
			files = (
				FA474B542BB4981A00940665 /* README.md in Resources */,
				FA474B4A2BB2F7B100940665 /* Preview Assets.xcassets in Resources */,
				FA474B472BB2F7B100940665 /* Assets.xcassets in Resources */,
			);
			runOnlyForDeploymentPostprocessing = 0;
		};
/* End PBXResourcesBuildPhase section */

/* Begin PBXSourcesBuildPhase section */
		FA474B3B2BB2F7AE00940665 /* Sources */ = {
			isa = PBXSourcesBuildPhase;
			buildActionMask = 2147483647;
			files = (
				FA474B452BB2F7AE00940665 /* ContentView.swift in Sources */,
				FA474B772BB6B39900940665 /* UpdateProfileView.swift in Sources */,
				FA474B432BB2F7AE00940665 /* StarterApp.swift in Sources */,
				FA474B6C2BB5D33200940665 /* TextInputView.swift in Sources */,
				FA474B5C2BB5580800940665 /* KeychainService.swift in Sources */,
				FA34A9EC2BB828530043EBCA /* FeedbackAlertViewModifier.swift in Sources */,
				FA34A9EE2BB828680043EBCA /* FeedbackConfirmationViewModifier.swift in Sources */,
				FA474B652BB59ABF00940665 /* RegistrationView.swift in Sources */,
				FA474B612BB5994700940665 /* AuthViewModel.swift in Sources */,
				FA474B792BB6B88400940665 /* FeedbackAlertService.swift in Sources */,
				FA474B732BB66E2500940665 /* ErrorService.swift in Sources */,
				FA474B752BB6B37900940665 /* ProfileView.swift in Sources */,
				FA474B5E2BB558EF00940665 /* AuthService.swift in Sources */,
				FA474B572BB553CB00940665 /* PusherService.swift in Sources */,
				FA474B6B2BB5D33200940665 /* SettingsRowView.swift in Sources */,
				FA474B632BB59A9400940665 /* LoginView.swift in Sources */,
				FA34A9EA2BB828270043EBCA /* ErrorAlertViewModifier.swift in Sources */,
				FA474B7B2BB6C54900940665 /* FeedbackViewModifier.swift in Sources */,
				FA474B522BB461BE00940665 /* User.swift in Sources */,
				FA474B6A2BB5D33200940665 /* ActionButton.swift in Sources */,
				FA474B712BB5D44B00940665 /* ChatListView.swift in Sources */,
			);
			runOnlyForDeploymentPostprocessing = 0;
		};
/* End PBXSourcesBuildPhase section */

/* Begin XCBuildConfiguration section */
		FA474B4B2BB2F7B100940665 /* Debug */ = {
			isa = XCBuildConfiguration;
			buildSettings = {
				ALWAYS_SEARCH_USER_PATHS = NO;
				ASSETCATALOG_COMPILER_GENERATE_SWIFT_ASSET_SYMBOL_EXTENSIONS = YES;
				CLANG_ANALYZER_NONNULL = YES;
				CLANG_ANALYZER_NUMBER_OBJECT_CONVERSION = YES_AGGRESSIVE;
				CLANG_CXX_LANGUAGE_STANDARD = "gnu++20";
				CLANG_ENABLE_MODULES = YES;
				CLANG_ENABLE_OBJC_ARC = YES;
				CLANG_ENABLE_OBJC_WEAK = YES;
				CLANG_WARN_BLOCK_CAPTURE_AUTORELEASING = YES;
				CLANG_WARN_BOOL_CONVERSION = YES;
				CLANG_WARN_COMMA = YES;
				CLANG_WARN_CONSTANT_CONVERSION = YES;
				CLANG_WARN_DEPRECATED_OBJC_IMPLEMENTATIONS = YES;
				CLANG_WARN_DIRECT_OBJC_ISA_USAGE = YES_ERROR;
				CLANG_WARN_DOCUMENTATION_COMMENTS = YES;
				CLANG_WARN_EMPTY_BODY = YES;
				CLANG_WARN_ENUM_CONVERSION = YES;
				CLANG_WARN_INFINITE_RECURSION = YES;
				CLANG_WARN_INT_CONVERSION = YES;
				CLANG_WARN_NON_LITERAL_NULL_CONVERSION = YES;
				CLANG_WARN_OBJC_IMPLICIT_RETAIN_SELF = YES;
				CLANG_WARN_OBJC_LITERAL_CONVERSION = YES;
				CLANG_WARN_OBJC_ROOT_CLASS = YES_ERROR;
				CLANG_WARN_QUOTED_INCLUDE_IN_FRAMEWORK_HEADER = YES;
				CLANG_WARN_RANGE_LOOP_ANALYSIS = YES;
				CLANG_WARN_STRICT_PROTOTYPES = YES;
				CLANG_WARN_SUSPICIOUS_MOVE = YES;
				CLANG_WARN_UNGUARDED_AVAILABILITY = YES_AGGRESSIVE;
				CLANG_WARN_UNREACHABLE_CODE = YES;
				CLANG_WARN__DUPLICATE_METHOD_MATCH = YES;
				COPY_PHASE_STRIP = NO;
				DEBUG_INFORMATION_FORMAT = dwarf;
				ENABLE_STRICT_OBJC_MSGSEND = YES;
				ENABLE_TESTABILITY = YES;
				ENABLE_USER_SCRIPT_SANDBOXING = YES;
				GCC_C_LANGUAGE_STANDARD = gnu17;
				GCC_DYNAMIC_NO_PIC = NO;
				GCC_NO_COMMON_BLOCKS = YES;
				GCC_OPTIMIZATION_LEVEL = 0;
				GCC_PREPROCESSOR_DEFINITIONS = (
					"DEBUG=1",
					"$(inherited)",
				);
				GCC_WARN_64_TO_32_BIT_CONVERSION = YES;
				GCC_WARN_ABOUT_RETURN_TYPE = YES_ERROR;
				GCC_WARN_UNDECLARED_SELECTOR = YES;
				GCC_WARN_UNINITIALIZED_AUTOS = YES_AGGRESSIVE;
				GCC_WARN_UNUSED_FUNCTION = YES;
				GCC_WARN_UNUSED_VARIABLE = YES;
				IPHONEOS_DEPLOYMENT_TARGET = 17.4;
				LOCALIZATION_PREFERS_STRING_CATALOGS = YES;
				MTL_ENABLE_DEBUG_INFO = INCLUDE_SOURCE;
				MTL_FAST_MATH = YES;
				ONLY_ACTIVE_ARCH = YES;
				SDKROOT = iphoneos;
				SWIFT_ACTIVE_COMPILATION_CONDITIONS = "DEBUG $(inherited)";
				SWIFT_OPTIMIZATION_LEVEL = "-Onone";
			};
			name = Debug;
		};
		FA474B4C2BB2F7B100940665 /* Release */ = {
			isa = XCBuildConfiguration;
			buildSettings = {
				ALWAYS_SEARCH_USER_PATHS = NO;
				ASSETCATALOG_COMPILER_GENERATE_SWIFT_ASSET_SYMBOL_EXTENSIONS = YES;
				CLANG_ANALYZER_NONNULL = YES;
				CLANG_ANALYZER_NUMBER_OBJECT_CONVERSION = YES_AGGRESSIVE;
				CLANG_CXX_LANGUAGE_STANDARD = "gnu++20";
				CLANG_ENABLE_MODULES = YES;
				CLANG_ENABLE_OBJC_ARC = YES;
				CLANG_ENABLE_OBJC_WEAK = YES;
				CLANG_WARN_BLOCK_CAPTURE_AUTORELEASING = YES;
				CLANG_WARN_BOOL_CONVERSION = YES;
				CLANG_WARN_COMMA = YES;
				CLANG_WARN_CONSTANT_CONVERSION = YES;
				CLANG_WARN_DEPRECATED_OBJC_IMPLEMENTATIONS = YES;
				CLANG_WARN_DIRECT_OBJC_ISA_USAGE = YES_ERROR;
				CLANG_WARN_DOCUMENTATION_COMMENTS = YES;
				CLANG_WARN_EMPTY_BODY = YES;
				CLANG_WARN_ENUM_CONVERSION = YES;
				CLANG_WARN_INFINITE_RECURSION = YES;
				CLANG_WARN_INT_CONVERSION = YES;
				CLANG_WARN_NON_LITERAL_NULL_CONVERSION = YES;
				CLANG_WARN_OBJC_IMPLICIT_RETAIN_SELF = YES;
				CLANG_WARN_OBJC_LITERAL_CONVERSION = YES;
				CLANG_WARN_OBJC_ROOT_CLASS = YES_ERROR;
				CLANG_WARN_QUOTED_INCLUDE_IN_FRAMEWORK_HEADER = YES;
				CLANG_WARN_RANGE_LOOP_ANALYSIS = YES;
				CLANG_WARN_STRICT_PROTOTYPES = YES;
				CLANG_WARN_SUSPICIOUS_MOVE = YES;
				CLANG_WARN_UNGUARDED_AVAILABILITY = YES_AGGRESSIVE;
				CLANG_WARN_UNREACHABLE_CODE = YES;
				CLANG_WARN__DUPLICATE_METHOD_MATCH = YES;
				COPY_PHASE_STRIP = NO;
				DEBUG_INFORMATION_FORMAT = "dwarf-with-dsym";
				ENABLE_NS_ASSERTIONS = NO;
				ENABLE_STRICT_OBJC_MSGSEND = YES;
				ENABLE_USER_SCRIPT_SANDBOXING = YES;
				GCC_C_LANGUAGE_STANDARD = gnu17;
				GCC_NO_COMMON_BLOCKS = YES;
				GCC_WARN_64_TO_32_BIT_CONVERSION = YES;
				GCC_WARN_ABOUT_RETURN_TYPE = YES_ERROR;
				GCC_WARN_UNDECLARED_SELECTOR = YES;
				GCC_WARN_UNINITIALIZED_AUTOS = YES_AGGRESSIVE;
				GCC_WARN_UNUSED_FUNCTION = YES;
				GCC_WARN_UNUSED_VARIABLE = YES;
				IPHONEOS_DEPLOYMENT_TARGET = 17.4;
				LOCALIZATION_PREFERS_STRING_CATALOGS = YES;
				MTL_ENABLE_DEBUG_INFO = NO;
				MTL_FAST_MATH = YES;
				SDKROOT = iphoneos;
				SWIFT_COMPILATION_MODE = wholemodule;
				VALIDATE_PRODUCT = YES;
			};
			name = Release;
		};
		FA474B4E2BB2F7B100940665 /* Debug */ = {
			isa = XCBuildConfiguration;
			buildSettings = {
				ASSETCATALOG_COMPILER_APPICON_NAME = AppIcon;
				ASSETCATALOG_COMPILER_GLOBAL_ACCENT_COLOR_NAME = AccentColor;
				CODE_SIGN_STYLE = Automatic;
				CURRENT_PROJECT_VERSION = 1;
				DEVELOPMENT_ASSET_PATHS = "\"Starter/Preview Content\"";
				DEVELOPMENT_TEAM = 4FW64CF2L7;
				ENABLE_PREVIEWS = YES;
				GENERATE_INFOPLIST_FILE = YES;
				INFOPLIST_KEY_UIApplicationSceneManifest_Generation = YES;
				INFOPLIST_KEY_UIApplicationSupportsIndirectInputEvents = YES;
				INFOPLIST_KEY_UILaunchScreen_Generation = YES;
				INFOPLIST_KEY_UISupportedInterfaceOrientations_iPad = "UIInterfaceOrientationPortrait UIInterfaceOrientationPortraitUpsideDown UIInterfaceOrientationLandscapeLeft UIInterfaceOrientationLandscapeRight";
				INFOPLIST_KEY_UISupportedInterfaceOrientations_iPhone = "UIInterfaceOrientationPortrait UIInterfaceOrientationLandscapeLeft UIInterfaceOrientationLandscapeRight";
				LD_RUNPATH_SEARCH_PATHS = (
					"$(inherited)",
					"@executable_path/Frameworks",
				);
				MARKETING_VERSION = 1.0;
				PRODUCT_BUNDLE_IDENTIFIER = org.smartcalc.Starter;
				PRODUCT_NAME = "$(TARGET_NAME)";
				SWIFT_EMIT_LOC_STRINGS = YES;
				SWIFT_VERSION = 5.0;
				TARGETED_DEVICE_FAMILY = "1,2";
			};
			name = Debug;
		};
		FA474B4F2BB2F7B100940665 /* Release */ = {
			isa = XCBuildConfiguration;
			buildSettings = {
				ASSETCATALOG_COMPILER_APPICON_NAME = AppIcon;
				ASSETCATALOG_COMPILER_GLOBAL_ACCENT_COLOR_NAME = AccentColor;
				CODE_SIGN_STYLE = Automatic;
				CURRENT_PROJECT_VERSION = 1;
				DEVELOPMENT_ASSET_PATHS = "\"Starter/Preview Content\"";
				DEVELOPMENT_TEAM = 4FW64CF2L7;
				ENABLE_PREVIEWS = YES;
				GENERATE_INFOPLIST_FILE = YES;
				INFOPLIST_KEY_UIApplicationSceneManifest_Generation = YES;
				INFOPLIST_KEY_UIApplicationSupportsIndirectInputEvents = YES;
				INFOPLIST_KEY_UILaunchScreen_Generation = YES;
				INFOPLIST_KEY_UISupportedInterfaceOrientations_iPad = "UIInterfaceOrientationPortrait UIInterfaceOrientationPortraitUpsideDown UIInterfaceOrientationLandscapeLeft UIInterfaceOrientationLandscapeRight";
				INFOPLIST_KEY_UISupportedInterfaceOrientations_iPhone = "UIInterfaceOrientationPortrait UIInterfaceOrientationLandscapeLeft UIInterfaceOrientationLandscapeRight";
				LD_RUNPATH_SEARCH_PATHS = (
					"$(inherited)",
					"@executable_path/Frameworks",
				);
				MARKETING_VERSION = 1.0;
				PRODUCT_BUNDLE_IDENTIFIER = org.smartcalc.Starter;
				PRODUCT_NAME = "$(TARGET_NAME)";
				SWIFT_EMIT_LOC_STRINGS = YES;
				SWIFT_VERSION = 5.0;
				TARGETED_DEVICE_FAMILY = "1,2";
			};
			name = Release;
		};
/* End XCBuildConfiguration section */

/* Begin XCConfigurationList section */
		FA474B3A2BB2F7AE00940665 /* Build configuration list for PBXProject "Starter" */ = {
			isa = XCConfigurationList;
			buildConfigurations = (
				FA474B4B2BB2F7B100940665 /* Debug */,
				FA474B4C2BB2F7B100940665 /* Release */,
			);
			defaultConfigurationIsVisible = 0;
			defaultConfigurationName = Release;
		};
		FA474B4D2BB2F7B100940665 /* Build configuration list for PBXNativeTarget "Starter" */ = {
			isa = XCConfigurationList;
			buildConfigurations = (
				FA474B4E2BB2F7B100940665 /* Debug */,
				FA474B4F2BB2F7B100940665 /* Release */,
			);
			defaultConfigurationIsVisible = 0;
			defaultConfigurationName = Release;
		};
/* End XCConfigurationList section */

/* Begin XCRemoteSwiftPackageReference section */
		FA474B582BB557A300940665 /* XCRemoteSwiftPackageReference "pusher-websocket-swift" */ = {
			isa = XCRemoteSwiftPackageReference;
			repositoryURL = "https://github.com/pusher/pusher-websocket-swift.git";
			requirement = {
				kind = upToNextMajorVersion;
				minimumVersion = 10.1.5;
			};
		};
/* End XCRemoteSwiftPackageReference section */

/* Begin XCSwiftPackageProductDependency section */
		FA474B592BB557A300940665 /* PusherSwift */ = {
			isa = XCSwiftPackageProductDependency;
			package = FA474B582BB557A300940665 /* XCRemoteSwiftPackageReference "pusher-websocket-swift" */;
			productName = PusherSwift;
		};
/* End XCSwiftPackageProductDependency section */
	};
	rootObject = FA474B372BB2F7AE00940665 /* Project object */;
}
